// !$*UTF8*$!
{
	archiveVersion = 1;
	classes = {
	};
	objectVersion = 56;
	objects = {

/* Begin PBXBuildFile section */
		2AD3C1EF2C444307006C01C2 /* SwiftDocsTutorialApp.swift in Sources */ = {isa = PBXBuildFile; fileRef = 2AD3C1EE2C444307006C01C2 /* SwiftDocsTutorialApp.swift */; };
		2AD3C1F12C444307006C01C2 /* ContentView.swift in Sources */ = {isa = PBXBuildFile; fileRef = 2AD3C1F02C444307006C01C2 /* ContentView.swift */; };
		2AD3C1F32C444308006C01C2 /* Assets.xcassets in Resources */ = {isa = PBXBuildFile; fileRef = 2AD3C1F22C444308006C01C2 /* Assets.xcassets */; };
		2AD3C1F62C444308006C01C2 /* Preview Assets.xcassets in Resources */ = {isa = PBXBuildFile; fileRef = 2AD3C1F52C444308006C01C2 /* Preview Assets.xcassets */; };
		2AD3C2002C444378006C01C2 /* landmarkData.json in Resources */ = {isa = PBXBuildFile; fileRef = 2AD3C1FF2C444378006C01C2 /* landmarkData.json */; };
		2AD3C2032C44439B006C01C2 /* ModelData.swift in Sources */ = {isa = PBXBuildFile; fileRef = 2AD3C2012C44439B006C01C2 /* ModelData.swift */; };
		2AD3C2042C44439B006C01C2 /* Landmark.swift in Sources */ = {isa = PBXBuildFile; fileRef = 2AD3C2022C44439B006C01C2 /* Landmark.swift */; };
		2AD3C2062C4443BD006C01C2 /* LandmarkRow.swift in Sources */ = {isa = PBXBuildFile; fileRef = 2AD3C2052C4443BD006C01C2 /* LandmarkRow.swift */; };
		2AD3C2082C444422006C01C2 /* LandmarkList.swift in Sources */ = {isa = PBXBuildFile; fileRef = 2AD3C2072C444422006C01C2 /* LandmarkList.swift */; };
		2AD3C20A2C444549006C01C2 /* LandmarkDetail.swift in Sources */ = {isa = PBXBuildFile; fileRef = 2AD3C2092C444549006C01C2 /* LandmarkDetail.swift */; };
		2AD3C20C2C444589006C01C2 /* MapView.swift in Sources */ = {isa = PBXBuildFile; fileRef = 2AD3C20B2C444589006C01C2 /* MapView.swift */; };
		2AD3C20E2C444595006C01C2 /* CircleImage.swift in Sources */ = {isa = PBXBuildFile; fileRef = 2AD3C20D2C444595006C01C2 /* CircleImage.swift */; };
		2AD3C2102C4521C6006C01C2 /* FavoriteButton.swift in Sources */ = {isa = PBXBuildFile; fileRef = 2AD3C20F2C4521C6006C01C2 /* FavoriteButton.swift */; };
		2AD3C2122C452585006C01C2 /* HexagonParamters.swift in Sources */ = {isa = PBXBuildFile; fileRef = 2AD3C2112C452585006C01C2 /* HexagonParamters.swift */; };
		2AD3C2142C452817006C01C2 /* BadgeBackground.swift in Sources */ = {isa = PBXBuildFile; fileRef = 2AD3C2132C452817006C01C2 /* BadgeBackground.swift */; };
		2AD3C2162C4546A0006C01C2 /* BadgeSymbol.swift in Sources */ = {isa = PBXBuildFile; fileRef = 2AD3C2152C4546A0006C01C2 /* BadgeSymbol.swift */; };
		2AD3C2182C454AFB006C01C2 /* RotateBadgeSymbol.swift in Sources */ = {isa = PBXBuildFile; fileRef = 2AD3C2172C454AFB006C01C2 /* RotateBadgeSymbol.swift */; };
		2AD3C21A2C454B78006C01C2 /* Badge.swift in Sources */ = {isa = PBXBuildFile; fileRef = 2AD3C2192C454B78006C01C2 /* Badge.swift */; };
		2AD3C21C2C454F70006C01C2 /* hikeData.json in Resources */ = {isa = PBXBuildFile; fileRef = 2AD3C21B2C454F70006C01C2 /* hikeData.json */; };
		2AD3C21E2C454F84006C01C2 /* Hike.swift in Sources */ = {isa = PBXBuildFile; fileRef = 2AD3C21D2C454F84006C01C2 /* Hike.swift */; };
		2AD3C2242C4550D4006C01C2 /* GraphCapsule.swift in Sources */ = {isa = PBXBuildFile; fileRef = 2AD3C21F2C4550D4006C01C2 /* GraphCapsule.swift */; };
		2AD3C2252C4550D4006C01C2 /* HikeDetail.swift in Sources */ = {isa = PBXBuildFile; fileRef = 2AD3C2202C4550D4006C01C2 /* HikeDetail.swift */; };
		2AD3C2262C4550D4006C01C2 /* HikeGraph.swift in Sources */ = {isa = PBXBuildFile; fileRef = 2AD3C2212C4550D4006C01C2 /* HikeGraph.swift */; };
		2AD3C2272C4550D4006C01C2 /* HikeView.swift in Sources */ = {isa = PBXBuildFile; fileRef = 2AD3C2222C4550D4006C01C2 /* HikeView.swift */; };
		2AD3C22A2C4554B6006C01C2 /* CategoryHome.swift in Sources */ = {isa = PBXBuildFile; fileRef = 2AD3C2292C4554B6006C01C2 /* CategoryHome.swift */; };
		2AD3C22C2C45561E006C01C2 /* CategoryRow.swift in Sources */ = {isa = PBXBuildFile; fileRef = 2AD3C22B2C45561E006C01C2 /* CategoryRow.swift */; };
		2AD3C22E2C455793006C01C2 /* CategoryItem.swift in Sources */ = {isa = PBXBuildFile; fileRef = 2AD3C22D2C455793006C01C2 /* CategoryItem.swift */; };
		2AD3C2302C455BC5006C01C2 /* Profile.swift in Sources */ = {isa = PBXBuildFile; fileRef = 2AD3C22F2C455BC5006C01C2 /* Profile.swift */; };
		2AD3C2322C455CFF006C01C2 /* ProfileSummary.swift in Sources */ = {isa = PBXBuildFile; fileRef = 2AD3C2312C455CFF006C01C2 /* ProfileSummary.swift */; };
		2AD3C2342C455DBD006C01C2 /* ProfileHost.swift in Sources */ = {isa = PBXBuildFile; fileRef = 2AD3C2332C455DBD006C01C2 /* ProfileHost.swift */; };
		2AD3C2362C455F11006C01C2 /* HikeBadge.swift in Sources */ = {isa = PBXBuildFile; fileRef = 2AD3C2352C455F11006C01C2 /* HikeBadge.swift */; };
		2AD3C23B2C456482006C01C2 /* ProfileEditor.swift in Sources */ = {isa = PBXBuildFile; fileRef = 2AD3C23A2C456482006C01C2 /* ProfileEditor.swift */; };
		2AD3C2402C456820006C01C2 /* PageViewController.swift in Sources */ = {isa = PBXBuildFile; fileRef = 2AD3C23F2C456820006C01C2 /* PageViewController.swift */; };
		2AD3C2422C456931006C01C2 /* FeatureCard.swift in Sources */ = {isa = PBXBuildFile; fileRef = 2AD3C2412C456931006C01C2 /* FeatureCard.swift */; };
		2AD3C2442C456B45006C01C2 /* PageView.swift in Sources */ = {isa = PBXBuildFile; fileRef = 2AD3C2432C456B45006C01C2 /* PageView.swift */; };
		2AD3C2462C456CBC006C01C2 /* PageControl.swift in Sources */ = {isa = PBXBuildFile; fileRef = 2AD3C2452C456CBC006C01C2 /* PageControl.swift */; };
/* End PBXBuildFile section */

/* Begin PBXFileReference section */
		2AD3C1EB2C444307006C01C2 /* SwiftDocsTutorial.app */ = {isa = PBXFileReference; explicitFileType = wrapper.application; includeInIndex = 0; path = SwiftDocsTutorial.app; sourceTree = BUILT_PRODUCTS_DIR; };
		2AD3C1EE2C444307006C01C2 /* SwiftDocsTutorialApp.swift */ = {isa = PBXFileReference; lastKnownFileType = sourcecode.swift; path = SwiftDocsTutorialApp.swift; sourceTree = "<group>"; };
		2AD3C1F02C444307006C01C2 /* ContentView.swift */ = {isa = PBXFileReference; lastKnownFileType = sourcecode.swift; path = ContentView.swift; sourceTree = "<group>"; };
		2AD3C1F22C444308006C01C2 /* Assets.xcassets */ = {isa = PBXFileReference; lastKnownFileType = folder.assetcatalog; path = Assets.xcassets; sourceTree = "<group>"; };
		2AD3C1F52C444308006C01C2 /* Preview Assets.xcassets */ = {isa = PBXFileReference; lastKnownFileType = folder.assetcatalog; path = "Preview Assets.xcassets"; sourceTree = "<group>"; };
		2AD3C1FF2C444378006C01C2 /* landmarkData.json */ = {isa = PBXFileReference; fileEncoding = 4; lastKnownFileType = text.json; path = landmarkData.json; sourceTree = "<group>"; };
		2AD3C2012C44439B006C01C2 /* ModelData.swift */ = {isa = PBXFileReference; fileEncoding = 4; lastKnownFileType = sourcecode.swift; path = ModelData.swift; sourceTree = "<group>"; };
		2AD3C2022C44439B006C01C2 /* Landmark.swift */ = {isa = PBXFileReference; fileEncoding = 4; lastKnownFileType = sourcecode.swift; path = Landmark.swift; sourceTree = "<group>"; };
		2AD3C2052C4443BD006C01C2 /* LandmarkRow.swift */ = {isa = PBXFileReference; fileEncoding = 4; lastKnownFileType = sourcecode.swift; path = LandmarkRow.swift; sourceTree = "<group>"; };
		2AD3C2072C444422006C01C2 /* LandmarkList.swift */ = {isa = PBXFileReference; lastKnownFileType = sourcecode.swift; path = LandmarkList.swift; sourceTree = "<group>"; };
		2AD3C2092C444549006C01C2 /* LandmarkDetail.swift */ = {isa = PBXFileReference; lastKnownFileType = sourcecode.swift; path = LandmarkDetail.swift; sourceTree = "<group>"; };
		2AD3C20B2C444589006C01C2 /* MapView.swift */ = {isa = PBXFileReference; fileEncoding = 4; lastKnownFileType = sourcecode.swift; path = MapView.swift; sourceTree = "<group>"; };
		2AD3C20D2C444595006C01C2 /* CircleImage.swift */ = {isa = PBXFileReference; fileEncoding = 4; lastKnownFileType = sourcecode.swift; path = CircleImage.swift; sourceTree = "<group>"; };
		2AD3C20F2C4521C6006C01C2 /* FavoriteButton.swift */ = {isa = PBXFileReference; lastKnownFileType = sourcecode.swift; path = FavoriteButton.swift; sourceTree = "<group>"; };
		2AD3C2112C452585006C01C2 /* HexagonParamters.swift */ = {isa = PBXFileReference; lastKnownFileType = sourcecode.swift; path = HexagonParamters.swift; sourceTree = "<group>"; };
		2AD3C2132C452817006C01C2 /* BadgeBackground.swift */ = {isa = PBXFileReference; lastKnownFileType = sourcecode.swift; path = BadgeBackground.swift; sourceTree = "<group>"; };
		2AD3C2152C4546A0006C01C2 /* BadgeSymbol.swift */ = {isa = PBXFileReference; lastKnownFileType = sourcecode.swift; path = BadgeSymbol.swift; sourceTree = "<group>"; };
		2AD3C2172C454AFB006C01C2 /* RotateBadgeSymbol.swift */ = {isa = PBXFileReference; lastKnownFileType = sourcecode.swift; path = RotateBadgeSymbol.swift; sourceTree = "<group>"; };
		2AD3C2192C454B78006C01C2 /* Badge.swift */ = {isa = PBXFileReference; lastKnownFileType = sourcecode.swift; path = Badge.swift; sourceTree = "<group>"; };
		2AD3C21B2C454F70006C01C2 /* hikeData.json */ = {isa = PBXFileReference; fileEncoding = 4; lastKnownFileType = text.json; path = hikeData.json; sourceTree = "<group>"; };
		2AD3C21D2C454F84006C01C2 /* Hike.swift */ = {isa = PBXFileReference; lastKnownFileType = sourcecode.swift; path = Hike.swift; sourceTree = "<group>"; };
		2AD3C21F2C4550D4006C01C2 /* GraphCapsule.swift */ = {isa = PBXFileReference; fileEncoding = 4; lastKnownFileType = sourcecode.swift; path = GraphCapsule.swift; sourceTree = "<group>"; };
		2AD3C2202C4550D4006C01C2 /* HikeDetail.swift */ = {isa = PBXFileReference; fileEncoding = 4; lastKnownFileType = sourcecode.swift; path = HikeDetail.swift; sourceTree = "<group>"; };
		2AD3C2212C4550D4006C01C2 /* HikeGraph.swift */ = {isa = PBXFileReference; fileEncoding = 4; lastKnownFileType = sourcecode.swift; path = HikeGraph.swift; sourceTree = "<group>"; };
		2AD3C2222C4550D4006C01C2 /* HikeView.swift */ = {isa = PBXFileReference; fileEncoding = 4; lastKnownFileType = sourcecode.swift; path = HikeView.swift; sourceTree = "<group>"; };
		2AD3C2292C4554B6006C01C2 /* CategoryHome.swift */ = {isa = PBXFileReference; lastKnownFileType = sourcecode.swift; path = CategoryHome.swift; sourceTree = "<group>"; };
		2AD3C22B2C45561E006C01C2 /* CategoryRow.swift */ = {isa = PBXFileReference; lastKnownFileType = sourcecode.swift; path = CategoryRow.swift; sourceTree = "<group>"; };
		2AD3C22D2C455793006C01C2 /* CategoryItem.swift */ = {isa = PBXFileReference; lastKnownFileType = sourcecode.swift; path = CategoryItem.swift; sourceTree = "<group>"; };
		2AD3C22F2C455BC5006C01C2 /* Profile.swift */ = {isa = PBXFileReference; lastKnownFileType = sourcecode.swift; path = Profile.swift; sourceTree = "<group>"; };
		2AD3C2312C455CFF006C01C2 /* ProfileSummary.swift */ = {isa = PBXFileReference; lastKnownFileType = sourcecode.swift; path = ProfileSummary.swift; sourceTree = "<group>"; };
		2AD3C2332C455DBD006C01C2 /* ProfileHost.swift */ = {isa = PBXFileReference; lastKnownFileType = sourcecode.swift; path = ProfileHost.swift; sourceTree = "<group>"; };
		2AD3C2352C455F11006C01C2 /* HikeBadge.swift */ = {isa = PBXFileReference; lastKnownFileType = sourcecode.swift; path = HikeBadge.swift; sourceTree = "<group>"; };
		2AD3C23A2C456482006C01C2 /* ProfileEditor.swift */ = {isa = PBXFileReference; lastKnownFileType = sourcecode.swift; path = ProfileEditor.swift; sourceTree = "<group>"; };
		2AD3C23F2C456820006C01C2 /* PageViewController.swift */ = {isa = PBXFileReference; lastKnownFileType = sourcecode.swift; path = PageViewController.swift; sourceTree = "<group>"; };
		2AD3C2412C456931006C01C2 /* FeatureCard.swift */ = {isa = PBXFileReference; lastKnownFileType = sourcecode.swift; path = FeatureCard.swift; sourceTree = "<group>"; };
		2AD3C2432C456B45006C01C2 /* PageView.swift */ = {isa = PBXFileReference; lastKnownFileType = sourcecode.swift; path = PageView.swift; sourceTree = "<group>"; };
		2AD3C2452C456CBC006C01C2 /* PageControl.swift */ = {isa = PBXFileReference; lastKnownFileType = sourcecode.swift; path = PageControl.swift; sourceTree = "<group>"; };
/* End PBXFileReference section */

/* Begin PBXFrameworksBuildPhase section */
		2AD3C1E82C444307006C01C2 /* Frameworks */ = {
			isa = PBXFrameworksBuildPhase;
			buildActionMask = 2147483647;
			files = (
			);
			runOnlyForDeploymentPostprocessing = 0;
		};
/* End PBXFrameworksBuildPhase section */

/* Begin PBXGroup section */
		2AD3C1E22C444307006C01C2 = {
			isa = PBXGroup;
			children = (
				2AD3C1ED2C444307006C01C2 /* SwiftDocsTutorial */,
				2AD3C1EC2C444307006C01C2 /* Products */,
			);
			sourceTree = "<group>";
		};
		2AD3C1EC2C444307006C01C2 /* Products */ = {
			isa = PBXGroup;
			children = (
				2AD3C1EB2C444307006C01C2 /* SwiftDocsTutorial.app */,
			);
			name = Products;
			sourceTree = "<group>";
		};
		2AD3C1ED2C444307006C01C2 /* SwiftDocsTutorial */ = {
			isa = PBXGroup;
			children = (
				2AD3C1FE2C444341006C01C2 /* Model */,
				2AD3C1FD2C44431E006C01C2 /* Views */,
				2AD3C1FC2C444314006C01C2 /* Resources */,
				2AD3C1EE2C444307006C01C2 /* SwiftDocsTutorialApp.swift */,
				2AD3C1F02C444307006C01C2 /* ContentView.swift */,
				2AD3C1F22C444308006C01C2 /* Assets.xcassets */,
				2AD3C1F42C444308006C01C2 /* Preview Content */,
			);
			path = SwiftDocsTutorial;
			sourceTree = "<group>";
		};
		2AD3C1F42C444308006C01C2 /* Preview Content */ = {
			isa = PBXGroup;
			children = (
				2AD3C1F52C444308006C01C2 /* Preview Assets.xcassets */,
			);
			path = "Preview Content";
			sourceTree = "<group>";
		};
		2AD3C1FC2C444314006C01C2 /* Resources */ = {
			isa = PBXGroup;
			children = (
				2AD3C21B2C454F70006C01C2 /* hikeData.json */,
				2AD3C1FF2C444378006C01C2 /* landmarkData.json */,
			);
			path = Resources;
			sourceTree = "<group>";
		};
		2AD3C1FD2C44431E006C01C2 /* Views */ = {
			isa = PBXGroup;
			children = (
				2AD3C23C2C456765006C01C2 /* Kits */,
				2AD3C2392C456461006C01C2 /* Landmarks */,
				2AD3C2382C45644D006C01C2 /* Profile */,
				2AD3C2372C456420006C01C2 /* Badges */,
				2AD3C2282C4554A0006C01C2 /* Category */,
				2AD3C2232C4550D4006C01C2 /* Hikes */,
				2AD3C20F2C4521C6006C01C2 /* FavoriteButton.swift */,
				2AD3C2412C456931006C01C2 /* FeatureCard.swift */,
				2AD3C20B2C444589006C01C2 /* MapView.swift */,
				2AD3C20D2C444595006C01C2 /* CircleImage.swift */,
			);
			path = Views;
			sourceTree = "<group>";
		};
		2AD3C1FE2C444341006C01C2 /* Model */ = {
			isa = PBXGroup;
			children = (
				2AD3C2022C44439B006C01C2 /* Landmark.swift */,
				2AD3C2012C44439B006C01C2 /* ModelData.swift */,
				2AD3C22F2C455BC5006C01C2 /* Profile.swift */,
				2AD3C21D2C454F84006C01C2 /* Hike.swift */,
			);
			path = Model;
			sourceTree = "<group>";
		};
		2AD3C2232C4550D4006C01C2 /* Hikes */ = {
			isa = PBXGroup;
			children = (
				2AD3C21F2C4550D4006C01C2 /* GraphCapsule.swift */,
				2AD3C2202C4550D4006C01C2 /* HikeDetail.swift */,
				2AD3C2212C4550D4006C01C2 /* HikeGraph.swift */,
				2AD3C2222C4550D4006C01C2 /* HikeView.swift */,
			);
			path = Hikes;
			sourceTree = "<group>";
		};
		2AD3C2282C4554A0006C01C2 /* Category */ = {
			isa = PBXGroup;
			children = (
				2AD3C2292C4554B6006C01C2 /* CategoryHome.swift */,
				2AD3C22B2C45561E006C01C2 /* CategoryRow.swift */,
				2AD3C22D2C455793006C01C2 /* CategoryItem.swift */,
			);
			path = Category;
			sourceTree = "<group>";
		};
		2AD3C2372C456420006C01C2 /* Badges */ = {
			isa = PBXGroup;
			children = (
				2AD3C2112C452585006C01C2 /* HexagonParamters.swift */,
				2AD3C2132C452817006C01C2 /* BadgeBackground.swift */,
				2AD3C2152C4546A0006C01C2 /* BadgeSymbol.swift */,
				2AD3C2352C455F11006C01C2 /* HikeBadge.swift */,
				2AD3C2172C454AFB006C01C2 /* RotateBadgeSymbol.swift */,
				2AD3C2192C454B78006C01C2 /* Badge.swift */,
			);
			path = Badges;
			sourceTree = "<group>";
		};
		2AD3C2382C45644D006C01C2 /* Profile */ = {
			isa = PBXGroup;
			children = (
				2AD3C2312C455CFF006C01C2 /* ProfileSummary.swift */,
				2AD3C2332C455DBD006C01C2 /* ProfileHost.swift */,
				2AD3C23A2C456482006C01C2 /* ProfileEditor.swift */,
			);
			path = Profile;
			sourceTree = "<group>";
		};
		2AD3C2392C456461006C01C2 /* Landmarks */ = {
			isa = PBXGroup;
			children = (
				2AD3C2052C4443BD006C01C2 /* LandmarkRow.swift */,
				2AD3C2092C444549006C01C2 /* LandmarkDetail.swift */,
				2AD3C2072C444422006C01C2 /* LandmarkList.swift */,
			);
			path = Landmarks;
			sourceTree = "<group>";
		};
		2AD3C23C2C456765006C01C2 /* Kits */ = {
			isa = PBXGroup;
			children = (
				2AD3C23F2C456820006C01C2 /* PageViewController.swift */,
				2AD3C2432C456B45006C01C2 /* PageView.swift */,
				2AD3C2452C456CBC006C01C2 /* PageControl.swift */,
			);
			path = Kits;
			sourceTree = "<group>";
		};
/* End PBXGroup section */

/* Begin PBXNativeTarget section */
		2AD3C1EA2C444307006C01C2 /* SwiftDocsTutorial */ = {
			isa = PBXNativeTarget;
			buildConfigurationList = 2AD3C1F92C444308006C01C2 /* Build configuration list for PBXNativeTarget "SwiftDocsTutorial" */;
			buildPhases = (
				2AD3C1E72C444307006C01C2 /* Sources */,
				2AD3C1E82C444307006C01C2 /* Frameworks */,
				2AD3C1E92C444307006C01C2 /* Resources */,
			);
			buildRules = (
			);
			dependencies = (
			);
			name = SwiftDocsTutorial;
			productName = SwiftDocsTutorial;
			productReference = 2AD3C1EB2C444307006C01C2 /* SwiftDocsTutorial.app */;
			productType = "com.apple.product-type.application";
		};
/* End PBXNativeTarget section */

/* Begin PBXProject section */
		2AD3C1E32C444307006C01C2 /* Project object */ = {
			isa = PBXProject;
			attributes = {
				BuildIndependentTargetsInParallel = 1;
				LastSwiftUpdateCheck = 1540;
				LastUpgradeCheck = 1540;
				TargetAttributes = {
					2AD3C1EA2C444307006C01C2 = {
						CreatedOnToolsVersion = 15.4;
					};
				};
			};
			buildConfigurationList = 2AD3C1E62C444307006C01C2 /* Build configuration list for PBXProject "SwiftDocsTutorial" */;
			compatibilityVersion = "Xcode 14.0";
			developmentRegion = en;
			hasScannedForEncodings = 0;
			knownRegions = (
				en,
				Base,
			);
			mainGroup = 2AD3C1E22C444307006C01C2;
			productRefGroup = 2AD3C1EC2C444307006C01C2 /* Products */;
			projectDirPath = "";
			projectRoot = "";
			targets = (
				2AD3C1EA2C444307006C01C2 /* SwiftDocsTutorial */,
			);
		};
/* End PBXProject section */

/* Begin PBXResourcesBuildPhase section */
		2AD3C1E92C444307006C01C2 /* Resources */ = {
			isa = PBXResourcesBuildPhase;
			buildActionMask = 2147483647;
			files = (
				2AD3C21C2C454F70006C01C2 /* hikeData.json in Resources */,
				2AD3C1F62C444308006C01C2 /* Preview Assets.xcassets in Resources */,
				2AD3C1F32C444308006C01C2 /* Assets.xcassets in Resources */,
				2AD3C2002C444378006C01C2 /* landmarkData.json in Resources */,
			);
			runOnlyForDeploymentPostprocessing = 0;
		};
/* End PBXResourcesBuildPhase section */

/* Begin PBXSourcesBuildPhase section */
		2AD3C1E72C444307006C01C2 /* Sources */ = {
			isa = PBXSourcesBuildPhase;
			buildActionMask = 2147483647;
			files = (
				2AD3C22C2C45561E006C01C2 /* CategoryRow.swift in Sources */,
				2AD3C2302C455BC5006C01C2 /* Profile.swift in Sources */,
				2AD3C2122C452585006C01C2 /* HexagonParamters.swift in Sources */,
				2AD3C22A2C4554B6006C01C2 /* CategoryHome.swift in Sources */,
				2AD3C2422C456931006C01C2 /* FeatureCard.swift in Sources */,
				2AD3C21A2C454B78006C01C2 /* Badge.swift in Sources */,
				2AD3C2342C455DBD006C01C2 /* ProfileHost.swift in Sources */,
				2AD3C1F12C444307006C01C2 /* ContentView.swift in Sources */,
				2AD3C2242C4550D4006C01C2 /* GraphCapsule.swift in Sources */,
				2AD3C2262C4550D4006C01C2 /* HikeGraph.swift in Sources */,
				2AD3C2462C456CBC006C01C2 /* PageControl.swift in Sources */,
				2AD3C2182C454AFB006C01C2 /* RotateBadgeSymbol.swift in Sources */,
				2AD3C20C2C444589006C01C2 /* MapView.swift in Sources */,
				2AD3C22E2C455793006C01C2 /* CategoryItem.swift in Sources */,
				2AD3C2082C444422006C01C2 /* LandmarkList.swift in Sources */,
				2AD3C21E2C454F84006C01C2 /* Hike.swift in Sources */,
				2AD3C2102C4521C6006C01C2 /* FavoriteButton.swift in Sources */,
				2AD3C2162C4546A0006C01C2 /* BadgeSymbol.swift in Sources */,
				2AD3C1EF2C444307006C01C2 /* SwiftDocsTutorialApp.swift in Sources */,
				2AD3C2442C456B45006C01C2 /* PageView.swift in Sources */,
				2AD3C2252C4550D4006C01C2 /* HikeDetail.swift in Sources */,
				2AD3C23B2C456482006C01C2 /* ProfileEditor.swift in Sources */,
				2AD3C2272C4550D4006C01C2 /* HikeView.swift in Sources */,
				2AD3C2032C44439B006C01C2 /* ModelData.swift in Sources */,
				2AD3C2142C452817006C01C2 /* BadgeBackground.swift in Sources */,
				2AD3C2402C456820006C01C2 /* PageViewController.swift in Sources */,
				2AD3C20E2C444595006C01C2 /* CircleImage.swift in Sources */,
				2AD3C2362C455F11006C01C2 /* HikeBadge.swift in Sources */,
				2AD3C2062C4443BD006C01C2 /* LandmarkRow.swift in Sources */,
				2AD3C2322C455CFF006C01C2 /* ProfileSummary.swift in Sources */,
				2AD3C2042C44439B006C01C2 /* Landmark.swift in Sources */,
				2AD3C20A2C444549006C01C2 /* LandmarkDetail.swift in Sources */,
			);
			runOnlyForDeploymentPostprocessing = 0;
		};
/* End PBXSourcesBuildPhase section */

/* Begin XCBuildConfiguration section */
		2AD3C1F72C444308006C01C2 /* Debug */ = {
			isa = XCBuildConfiguration;
			buildSettings = {
				ALWAYS_SEARCH_USER_PATHS = NO;
				ASSETCATALOG_COMPILER_GENERATE_SWIFT_ASSET_SYMBOL_EXTENSIONS = YES;
				CLANG_ANALYZER_NONNULL = YES;
				CLANG_ANALYZER_NUMBER_OBJECT_CONVERSION = YES_AGGRESSIVE;
				CLANG_CXX_LANGUAGE_STANDARD = "gnu++20";
				CLANG_ENABLE_MODULES = YES;
				CLANG_ENABLE_OBJC_ARC = YES;
				CLANG_ENABLE_OBJC_WEAK = YES;
				CLANG_WARN_BLOCK_CAPTURE_AUTORELEASING = YES;
				CLANG_WARN_BOOL_CONVERSION = YES;
				CLANG_WARN_COMMA = YES;
				CLANG_WARN_CONSTANT_CONVERSION = YES;
				CLANG_WARN_DEPRECATED_OBJC_IMPLEMENTATIONS = YES;
				CLANG_WARN_DIRECT_OBJC_ISA_USAGE = YES_ERROR;
				CLANG_WARN_DOCUMENTATION_COMMENTS = YES;
				CLANG_WARN_EMPTY_BODY = YES;
				CLANG_WARN_ENUM_CONVERSION = YES;
				CLANG_WARN_INFINITE_RECURSION = YES;
				CLANG_WARN_INT_CONVERSION = YES;
				CLANG_WARN_NON_LITERAL_NULL_CONVERSION = YES;
				CLANG_WARN_OBJC_IMPLICIT_RETAIN_SELF = YES;
				CLANG_WARN_OBJC_LITERAL_CONVERSION = YES;
				CLANG_WARN_OBJC_ROOT_CLASS = YES_ERROR;
				CLANG_WARN_QUOTED_INCLUDE_IN_FRAMEWORK_HEADER = YES;
				CLANG_WARN_RANGE_LOOP_ANALYSIS = YES;
				CLANG_WARN_STRICT_PROTOTYPES = YES;
				CLANG_WARN_SUSPICIOUS_MOVE = YES;
				CLANG_WARN_UNGUARDED_AVAILABILITY = YES_AGGRESSIVE;
				CLANG_WARN_UNREACHABLE_CODE = YES;
				CLANG_WARN__DUPLICATE_METHOD_MATCH = YES;
				COPY_PHASE_STRIP = NO;
				DEBUG_INFORMATION_FORMAT = dwarf;
				ENABLE_STRICT_OBJC_MSGSEND = YES;
				ENABLE_TESTABILITY = YES;
				ENABLE_USER_SCRIPT_SANDBOXING = YES;
				GCC_C_LANGUAGE_STANDARD = gnu17;
				GCC_DYNAMIC_NO_PIC = NO;
				GCC_NO_COMMON_BLOCKS = YES;
				GCC_OPTIMIZATION_LEVEL = 0;
				GCC_PREPROCESSOR_DEFINITIONS = (
					"DEBUG=1",
					"$(inherited)",
				);
				GCC_WARN_64_TO_32_BIT_CONVERSION = YES;
				GCC_WARN_ABOUT_RETURN_TYPE = YES_ERROR;
				GCC_WARN_UNDECLARED_SELECTOR = YES;
				GCC_WARN_UNINITIALIZED_AUTOS = YES_AGGRESSIVE;
				GCC_WARN_UNUSED_FUNCTION = YES;
				GCC_WARN_UNUSED_VARIABLE = YES;
				IPHONEOS_DEPLOYMENT_TARGET = 17.5;
				LOCALIZATION_PREFERS_STRING_CATALOGS = YES;
				MTL_ENABLE_DEBUG_INFO = INCLUDE_SOURCE;
				MTL_FAST_MATH = YES;
				ONLY_ACTIVE_ARCH = YES;
				SDKROOT = iphoneos;
				SWIFT_ACTIVE_COMPILATION_CONDITIONS = "DEBUG $(inherited)";
				SWIFT_OPTIMIZATION_LEVEL = "-Onone";
			};
			name = Debug;
		};
		2AD3C1F82C444308006C01C2 /* Release */ = {
			isa = XCBuildConfiguration;
			buildSettings = {
				ALWAYS_SEARCH_USER_PATHS = NO;
				ASSETCATALOG_COMPILER_GENERATE_SWIFT_ASSET_SYMBOL_EXTENSIONS = YES;
				CLANG_ANALYZER_NONNULL = YES;
				CLANG_ANALYZER_NUMBER_OBJECT_CONVERSION = YES_AGGRESSIVE;
				CLANG_CXX_LANGUAGE_STANDARD = "gnu++20";
				CLANG_ENABLE_MODULES = YES;
				CLANG_ENABLE_OBJC_ARC = YES;
				CLANG_ENABLE_OBJC_WEAK = YES;
				CLANG_WARN_BLOCK_CAPTURE_AUTORELEASING = YES;
				CLANG_WARN_BOOL_CONVERSION = YES;
				CLANG_WARN_COMMA = YES;
				CLANG_WARN_CONSTANT_CONVERSION = YES;
				CLANG_WARN_DEPRECATED_OBJC_IMPLEMENTATIONS = YES;
				CLANG_WARN_DIRECT_OBJC_ISA_USAGE = YES_ERROR;
				CLANG_WARN_DOCUMENTATION_COMMENTS = YES;
				CLANG_WARN_EMPTY_BODY = YES;
				CLANG_WARN_ENUM_CONVERSION = YES;
				CLANG_WARN_INFINITE_RECURSION = YES;
				CLANG_WARN_INT_CONVERSION = YES;
				CLANG_WARN_NON_LITERAL_NULL_CONVERSION = YES;
				CLANG_WARN_OBJC_IMPLICIT_RETAIN_SELF = YES;
				CLANG_WARN_OBJC_LITERAL_CONVERSION = YES;
				CLANG_WARN_OBJC_ROOT_CLASS = YES_ERROR;
				CLANG_WARN_QUOTED_INCLUDE_IN_FRAMEWORK_HEADER = YES;
				CLANG_WARN_RANGE_LOOP_ANALYSIS = YES;
				CLANG_WARN_STRICT_PROTOTYPES = YES;
				CLANG_WARN_SUSPICIOUS_MOVE = YES;
				CLANG_WARN_UNGUARDED_AVAILABILITY = YES_AGGRESSIVE;
				CLANG_WARN_UNREACHABLE_CODE = YES;
				CLANG_WARN__DUPLICATE_METHOD_MATCH = YES;
				COPY_PHASE_STRIP = NO;
				DEBUG_INFORMATION_FORMAT = "dwarf-with-dsym";
				ENABLE_NS_ASSERTIONS = NO;
				ENABLE_STRICT_OBJC_MSGSEND = YES;
				ENABLE_USER_SCRIPT_SANDBOXING = YES;
				GCC_C_LANGUAGE_STANDARD = gnu17;
				GCC_NO_COMMON_BLOCKS = YES;
				GCC_WARN_64_TO_32_BIT_CONVERSION = YES;
				GCC_WARN_ABOUT_RETURN_TYPE = YES_ERROR;
				GCC_WARN_UNDECLARED_SELECTOR = YES;
				GCC_WARN_UNINITIALIZED_AUTOS = YES_AGGRESSIVE;
				GCC_WARN_UNUSED_FUNCTION = YES;
				GCC_WARN_UNUSED_VARIABLE = YES;
				IPHONEOS_DEPLOYMENT_TARGET = 17.5;
				LOCALIZATION_PREFERS_STRING_CATALOGS = YES;
				MTL_ENABLE_DEBUG_INFO = NO;
				MTL_FAST_MATH = YES;
				SDKROOT = iphoneos;
				SWIFT_COMPILATION_MODE = wholemodule;
				VALIDATE_PRODUCT = YES;
			};
			name = Release;
		};
		2AD3C1FA2C444308006C01C2 /* Debug */ = {
			isa = XCBuildConfiguration;
			buildSettings = {
				ASSETCATALOG_COMPILER_APPICON_NAME = AppIcon;
				ASSETCATALOG_COMPILER_GLOBAL_ACCENT_COLOR_NAME = AccentColor;
				CODE_SIGN_STYLE = Automatic;
				CURRENT_PROJECT_VERSION = 1;
				DEVELOPMENT_ASSET_PATHS = "\"SwiftDocsTutorial/Preview Content\"";
				DEVELOPMENT_TEAM = C3WFAPY3YY;
				ENABLE_PREVIEWS = YES;
				GENERATE_INFOPLIST_FILE = YES;
				INFOPLIST_KEY_UIApplicationSceneManifest_Generation = YES;
				INFOPLIST_KEY_UIApplicationSupportsIndirectInputEvents = YES;
				INFOPLIST_KEY_UILaunchScreen_Generation = YES;
				INFOPLIST_KEY_UISupportedInterfaceOrientations_iPad = "UIInterfaceOrientationPortrait UIInterfaceOrientationPortraitUpsideDown UIInterfaceOrientationLandscapeLeft UIInterfaceOrientationLandscapeRight";
				INFOPLIST_KEY_UISupportedInterfaceOrientations_iPhone = "UIInterfaceOrientationPortrait UIInterfaceOrientationLandscapeLeft UIInterfaceOrientationLandscapeRight";
				LD_RUNPATH_SEARCH_PATHS = (
					"$(inherited)",
					"@executable_path/Frameworks",
				);
				MARKETING_VERSION = 1.0;
				PRODUCT_BUNDLE_IDENTIFIER = desco.SwiftDocsTutorial;
				PRODUCT_NAME = "$(TARGET_NAME)";
				SWIFT_EMIT_LOC_STRINGS = YES;
				SWIFT_VERSION = 5.0;
				TARGETED_DEVICE_FAMILY = "1,2";
			};
			name = Debug;
		};
		2AD3C1FB2C444308006C01C2 /* Release */ = {
			isa = XCBuildConfiguration;
			buildSettings = {
				ASSETCATALOG_COMPILER_APPICON_NAME = AppIcon;
				ASSETCATALOG_COMPILER_GLOBAL_ACCENT_COLOR_NAME = AccentColor;
				CODE_SIGN_STYLE = Automatic;
				CURRENT_PROJECT_VERSION = 1;
				DEVELOPMENT_ASSET_PATHS = "\"SwiftDocsTutorial/Preview Content\"";
				DEVELOPMENT_TEAM = C3WFAPY3YY;
				ENABLE_PREVIEWS = YES;
				GENERATE_INFOPLIST_FILE = YES;
				INFOPLIST_KEY_UIApplicationSceneManifest_Generation = YES;
				INFOPLIST_KEY_UIApplicationSupportsIndirectInputEvents = YES;
				INFOPLIST_KEY_UILaunchScreen_Generation = YES;
				INFOPLIST_KEY_UISupportedInterfaceOrientations_iPad = "UIInterfaceOrientationPortrait UIInterfaceOrientationPortraitUpsideDown UIInterfaceOrientationLandscapeLeft UIInterfaceOrientationLandscapeRight";
				INFOPLIST_KEY_UISupportedInterfaceOrientations_iPhone = "UIInterfaceOrientationPortrait UIInterfaceOrientationLandscapeLeft UIInterfaceOrientationLandscapeRight";
				LD_RUNPATH_SEARCH_PATHS = (
					"$(inherited)",
					"@executable_path/Frameworks",
				);
				MARKETING_VERSION = 1.0;
				PRODUCT_BUNDLE_IDENTIFIER = desco.SwiftDocsTutorial;
				PRODUCT_NAME = "$(TARGET_NAME)";
				SWIFT_EMIT_LOC_STRINGS = YES;
				SWIFT_VERSION = 5.0;
				TARGETED_DEVICE_FAMILY = "1,2";
			};
			name = Release;
		};
/* End XCBuildConfiguration section */

/* Begin XCConfigurationList section */
		2AD3C1E62C444307006C01C2 /* Build configuration list for PBXProject "SwiftDocsTutorial" */ = {
			isa = XCConfigurationList;
			buildConfigurations = (
				2AD3C1F72C444308006C01C2 /* Debug */,
				2AD3C1F82C444308006C01C2 /* Release */,
			);
			defaultConfigurationIsVisible = 0;
			defaultConfigurationName = Release;
		};
		2AD3C1F92C444308006C01C2 /* Build configuration list for PBXNativeTarget "SwiftDocsTutorial" */ = {
			isa = XCConfigurationList;
			buildConfigurations = (
				2AD3C1FA2C444308006C01C2 /* Debug */,
				2AD3C1FB2C444308006C01C2 /* Release */,
			);
			defaultConfigurationIsVisible = 0;
			defaultConfigurationName = Release;
		};
/* End XCConfigurationList section */
	};
	rootObject = 2AD3C1E32C444307006C01C2 /* Project object */;
}
